
Microsoft Visual Studio Solution File, Format Version 12.00
# Visual Studio Version 16
VisualStudioVersion = 16.0.31829.152
MinimumVisualStudioVersion = 10.0.40219.1
Project("{FAE04EC0-301F-11D3-BF4B-00C04F79EFBC}") = "M4L3CopyGroupPlagin", "M4L3CopyGroupPlagin\M4L3CopyGroupPlagin.csproj", "{35D242A8-2EDA-4DC9-BEC4-D74B1B9CF812}"
EndProject
Global
	GlobalSection(SolutionConfigurationPlatforms) = preSolution
		Debug|Any CPU = Debug|Any CPU
		Release|Any CPU = Release|Any CPU
	EndGlobalSection
	GlobalSection(ProjectConfigurationPlatforms) = postSolution
		{35D242A8-2EDA-4DC9-BEC4-D74B1B9CF812}.Debug|Any CPU.ActiveCfg = Debug|Any CPU
		{35D242A8-2EDA-4DC9-BEC4-D74B1B9CF812}.Debug|Any CPU.Build.0 = Debug|Any CPU
		{35D242A8-2EDA-4DC9-BEC4-D74B1B9CF812}.Release|Any CPU.ActiveCfg = Release|Any CPU
		{35D242A8-2EDA-4DC9-BEC4-D74B1B9CF812}.Release|Any CPU.Build.0 = Release|Any CPU
	EndGlobalSection
	GlobalSection(SolutionProperties) = preSolution
		HideSolutionNode = FALSE
	EndGlobalSection
	GlobalSection(ExtensibilityGlobals) = postSolution
		SolutionGuid = {24430985-E5E6-40A9-B385-87A61FFD6991}
	EndGlobalSection
EndGlobal
